
Microsoft Visual Studio Solution File, Format Version 12.00
Project("{FAE04EC0-301F-11D3-BF4B-00C04F79EFBC}") = "Hookpipe.API", "src\Hookpipe.API\Hookpipe.API.csproj", "{5EAFFD59-03D9-4932-8CCB-E377C454399C}"
EndProject
Project("{FAE04EC0-301F-11D3-BF4B-00C04F79EFBC}") = "Hookpipe.Core", "src\Hookpipe.Core\Hookpipe.Core.csproj", "{D22DF24A-8E6A-45CA-870D-4E4E636DAB74}"
EndProject
Project("{FAE04EC0-301F-11D3-BF4B-00C04F79EFBC}") = "Hookpipe.Core.Tests", "tests\Hookpipe.Core.Tests\Hookpipe.Core.Tests.csproj", "{8CED2691-A183-45B5-AEE3-C5B04F5C0E8A}"
EndProject
Project("{2150E333-8FDC-42A3-9474-1A3956D46DE8}") = "Tests", "Tests", "{C6916B8E-18B9-4914-8D83-8D8FD45248D5}"
EndProject
Global
	GlobalSection(SolutionConfigurationPlatforms) = preSolution
		Debug|Any CPU = Debug|Any CPU
		Debug|x64 = Debug|x64
		Debug|x86 = Debug|x86
		Release|Any CPU = Release|Any CPU
		Release|x64 = Release|x64
		Release|x86 = Release|x86
	EndGlobalSection
	GlobalSection(ProjectConfigurationPlatforms) = postSolution
		{5EAFFD59-03D9-4932-8CCB-E377C454399C}.Debug|Any CPU.ActiveCfg = Debug|Any CPU
		{5EAFFD59-03D9-4932-8CCB-E377C454399C}.Debug|Any CPU.Build.0 = Debug|Any CPU
		{5EAFFD59-03D9-4932-8CCB-E377C454399C}.Debug|x64.ActiveCfg = Debug|Any CPU
		{5EAFFD59-03D9-4932-8CCB-E377C454399C}.Debug|x64.Build.0 = Debug|Any CPU
		{5EAFFD59-03D9-4932-8CCB-E377C454399C}.Debug|x86.ActiveCfg = Debug|Any CPU
		{5EAFFD59-03D9-4932-8CCB-E377C454399C}.Debug|x86.Build.0 = Debug|Any CPU
		{5EAFFD59-03D9-4932-8CCB-E377C454399C}.Release|Any CPU.ActiveCfg = Release|Any CPU
		{5EAFFD59-03D9-4932-8CCB-E377C454399C}.Release|Any CPU.Build.0 = Release|Any CPU
		{5EAFFD59-03D9-4932-8CCB-E377C454399C}.Release|x64.ActiveCfg = Release|Any CPU
		{5EAFFD59-03D9-4932-8CCB-E377C454399C}.Release|x64.Build.0 = Release|Any CPU
		{5EAFFD59-03D9-4932-8CCB-E377C454399C}.Release|x86.ActiveCfg = Release|Any CPU
		{5EAFFD59-03D9-4932-8CCB-E377C454399C}.Release|x86.Build.0 = Release|Any CPU
		{D22DF24A-8E6A-45CA-870D-4E4E636DAB74}.Debug|Any CPU.ActiveCfg = Debug|Any CPU
		{D22DF24A-8E6A-45CA-870D-4E4E636DAB74}.Debug|Any CPU.Build.0 = Debug|Any CPU
		{D22DF24A-8E6A-45CA-870D-4E4E636DAB74}.Debug|x64.ActiveCfg = Debug|Any CPU
		{D22DF24A-8E6A-45CA-870D-4E4E636DAB74}.Debug|x64.Build.0 = Debug|Any CPU
		{D22DF24A-8E6A-45CA-870D-4E4E636DAB74}.Debug|x86.ActiveCfg = Debug|Any CPU
		{D22DF24A-8E6A-45CA-870D-4E4E636DAB74}.Debug|x86.Build.0 = Debug|Any CPU
		{D22DF24A-8E6A-45CA-870D-4E4E636DAB74}.Release|Any CPU.ActiveCfg = Release|Any CPU
		{D22DF24A-8E6A-45CA-870D-4E4E636DAB74}.Release|Any CPU.Build.0 = Release|Any CPU
		{D22DF24A-8E6A-45CA-870D-4E4E636DAB74}.Release|x64.ActiveCfg = Release|Any CPU
		{D22DF24A-8E6A-45CA-870D-4E4E636DAB74}.Release|x64.Build.0 = Release|Any CPU
		{D22DF24A-8E6A-45CA-870D-4E4E636DAB74}.Release|x86.ActiveCfg = Release|Any CPU
		{D22DF24A-8E6A-45CA-870D-4E4E636DAB74}.Release|x86.Build.0 = Release|Any CPU
		{8CED2691-A183-45B5-AEE3-C5B04F5C0E8A}.Debug|Any CPU.ActiveCfg = Debug|Any CPU
		{8CED2691-A183-45B5-AEE3-C5B04F5C0E8A}.Debug|Any CPU.Build.0 = Debug|Any CPU
		{8CED2691-A183-45B5-AEE3-C5B04F5C0E8A}.Debug|x64.ActiveCfg = Debug|Any CPU
		{8CED2691-A183-45B5-AEE3-C5B04F5C0E8A}.Debug|x64.Build.0 = Debug|Any CPU
		{8CED2691-A183-45B5-AEE3-C5B04F5C0E8A}.Debug|x86.ActiveCfg = Debug|Any CPU
		{8CED2691-A183-45B5-AEE3-C5B04F5C0E8A}.Debug|x86.Build.0 = Debug|Any CPU
		{8CED2691-A183-45B5-AEE3-C5B04F5C0E8A}.Release|Any CPU.ActiveCfg = Release|Any CPU
		{8CED2691-A183-45B5-AEE3-C5B04F5C0E8A}.Release|Any CPU.Build.0 = Release|Any CPU
		{8CED2691-A183-45B5-AEE3-C5B04F5C0E8A}.Release|x64.ActiveCfg = Release|Any CPU
		{8CED2691-A183-45B5-AEE3-C5B04F5C0E8A}.Release|x64.Build.0 = Release|Any CPU
		{8CED2691-A183-45B5-AEE3-C5B04F5C0E8A}.Release|x86.ActiveCfg = Release|Any CPU
		{8CED2691-A183-45B5-AEE3-C5B04F5C0E8A}.Release|x86.Build.0 = Release|Any CPU
	EndGlobalSection
	GlobalSection(SolutionProperties) = preSolution
		HideSolutionNode = FALSE
	EndGlobalSection
	GlobalSection(NestedProjects) = preSolution
		{8CED2691-A183-45B5-AEE3-C5B04F5C0E8A} = {C6916B8E-18B9-4914-8D83-8D8FD45248D5}
	EndGlobalSection
EndGlobal
